<?xml version="1.0" encoding="UTF-8" standalone="yes" ?>
<CodeBlocks_project_file>
	<FileVersion major="1" minor="6" />
	<Project>
		<Option title="011_CubotRevise" />
		<Option pch_mode="2" />
		<Option compiler="gcc" />
		<Build>
			<Target title="Debug">
				<Option output="bin/Debug/011_CubotRevise" prefix_auto="1" extension_auto="1" />
				<Option object_output="obj/Debug/" />
				<Option type="1" />
				<Option compiler="gcc" />
				<Option parameters="test\windmill_233.txt" />
				<Compiler>
					<Add option="-g" />
				</Compiler>
			</Target>
			<Target title="Release">
				<Option output="bin/Release/011_CubotRevise" prefix_auto="1" extension_auto="1" />
				<Option object_output="obj/Release/" />
				<Option type="1" />
				<Option compiler="gcc" />
				<Compiler>
					<Add option="-O2" />
				</Compiler>
				<Linker>
					<Add option="-s" />
				</Linker>
			</Target>
		</Build>
		<Compiler>
			<Add option="-Wall" />
		</Compiler>
		<Unit filename="CommandSem.h" />
		<Unit filename="Cube.cpp" />
		<Unit filename="Cube.h" />
		<Unit filename="CubeSem.h" />
		<Unit filename="DisjointSet.h" />
		<Unit filename="DisplayBoard.cpp" />
		<Unit filename="DisplayBoard.h" />
		<Unit filename="Errors.h" />
		<Unit filename="MainWindow.cpp" />
		<Unit filename="MainWindow.h" />
		<Unit filename="MeshObject.cpp" />
		<Unit filename="MeshObject.h" />
		<Unit filename="Objects.cpp" />
		<Unit filename="Objects.h" />
		<Unit filename="SemGlobal.cpp" />
		<Unit filename="TransformationPrimitive.h" />
		<Unit filename="Translator.cpp" />
		<Unit filename="Translator.h" />
		<Unit filename="command.l">
			<Option compile="1" />
		</Unit>
		<Unit filename="command.y">
			<Option compile="1" />
		</Unit>
		<Unit filename="cube.l">
			<Option compile="1" />
		</Unit>
		<Unit filename="cube.y">
			<Option compile="1" />
		</Unit>
		<Unit filename="main.cpp" />
		<Extensions>
			<code_completion />
			<envvars />
			<debugger />
			<lib_finder disable_auto="1" />
		</Extensions>
	</Project>
</CodeBlocks_project_file>
